
Microsoft Visual Studio Solution File, Format Version 12.00
# Visual Studio Version 17
VisualStudioVersion = 17.3.32825.248
MinimumVisualStudioVersion = 10.0.40219.1
Project("{FAE04EC0-301F-11D3-BF4B-00C04F79EFBC}") = "ISpan.BookStore", "ISpan.BookStore\ISpan.BookStore.csproj", "{9D3A3D4F-02CC-446D-B586-560DC282E2F3}"
EndProject
Global
	GlobalSection(SolutionConfigurationPlatforms) = preSolution
		Debug|Any CPU = Debug|Any CPU
		Release|Any CPU = Release|Any CPU
	EndGlobalSection
	GlobalSection(ProjectConfigurationPlatforms) = postSolution
		{9D3A3D4F-02CC-446D-B586-560DC282E2F3}.Debug|Any CPU.ActiveCfg = Debug|Any CPU
		{9D3A3D4F-02CC-446D-B586-560DC282E2F3}.Debug|Any CPU.Build.0 = Debug|Any CPU
		{9D3A3D4F-02CC-446D-B586-560DC282E2F3}.Release|Any CPU.ActiveCfg = Release|Any CPU
		{9D3A3D4F-02CC-446D-B586-560DC282E2F3}.Release|Any CPU.Build.0 = Release|Any CPU
	EndGlobalSection
	GlobalSection(SolutionProperties) = preSolution
		HideSolutionNode = FALSE
	EndGlobalSection
	GlobalSection(ExtensibilityGlobals) = postSolution
		SolutionGuid = {38AF1D0D-A564-46E2-A253-52BE179FA0AE}
	EndGlobalSection
EndGlobal
